
Microsoft Visual Studio Solution File, Format Version 11.00
# Visual Studio 2010
Project("{FAE04EC0-301F-11D3-BF4B-00C04F79EFBC}") = "BookCode", "BookCode\BookCode.csproj", "{965514EE-9C65-422C-A435-D4E1EA05FF1C}"
EndProject
Project("{FAE04EC0-301F-11D3-BF4B-00C04F79EFBC}") = "BookCode.Web", "BookCode.Web\BookCode.Web.csproj", "{E0978448-6DDE-4EB2-B10E-369199ACDD63}"
EndProject
Project("{2150E333-8FDC-42A3-9474-1A3956D46DE8}") = "Capitolo 02", "Capitolo 02", "{890072DB-EB3E-4C1C-9F49-EDD34CD439CE}"
EndProject
Project("{FAE04EC0-301F-11D3-BF4B-00C04F79EFBC}") = "HelloSilverlight", "Capitolo 2\HelloSilverlight\HelloSilverlight.csproj", "{C9D41B3A-5F85-4EE8-BF64-24634A9D4C97}"
EndProject
Project("{FAE04EC0-301F-11D3-BF4B-00C04F79EFBC}") = "HelloSilverlight.Web", "Capitolo 2\HelloSilverlight.Web\HelloSilverlight.Web.csproj", "{B471CA86-CB61-4582-85A5-4EFE57CECD3C}"
EndProject
Project("{2150E333-8FDC-42A3-9474-1A3956D46DE8}") = "Capitolo 03", "Capitolo 03", "{1DAB7E13-3EFA-4A9E-AFF1-D1C538BF6837}"
EndProject
Project("{FAE04EC0-301F-11D3-BF4B-00C04F79EFBC}") = "XAMLProperties", "XAMLProperties\XAMLProperties.csproj", "{9B216210-6E07-4740-9E38-0E05626A1BDD}"
EndProject
Project("{FAE04EC0-301F-11D3-BF4B-00C04F79EFBC}") = "AttachedProperties", "AttachedProperties\AttachedProperties.csproj", "{E37187EE-2D64-4C70-9D6C-2B08C492CA52}"
EndProject
Project("{FAE04EC0-301F-11D3-BF4B-00C04F79EFBC}") = "MarkupExtensions", "MarkupExtensions\MarkupExtensions.csproj", "{6F224CB5-FF59-403D-9335-2ABEC0D38752}"
EndProject
Project("{FAE04EC0-301F-11D3-BF4B-00C04F79EFBC}") = "Resources", "Resources\Resources.csproj", "{7FA65421-9BDA-467B-8FA2-D6AACFAEBE63}"
EndProject
Project("{2150E333-8FDC-42A3-9474-1A3956D46DE8}") = "Capitolo 04", "Capitolo 04", "{4B4D75E2-DA7A-48FB-9062-6BBDCC1E13E1}"
EndProject
Project("{FAE04EC0-301F-11D3-BF4B-00C04F79EFBC}") = "LayoutContainers", "LayoutContainers\LayoutContainers.csproj", "{DBECD7D6-2DAD-4933-8571-3F39F8601733}"
EndProject
Project("{2150E333-8FDC-42A3-9474-1A3956D46DE8}") = "Capitolo 05", "Capitolo 05", "{120F1B92-F65A-4D8B-B9C4-BF81E8137C0D}"
EndProject
Project("{FAE04EC0-301F-11D3-BF4B-00C04F79EFBC}") = "UserInterfaces", "UserInterfaces\UserInterfaces.csproj", "{774E9B76-5992-4883-85B1-C09CCC60654F}"
EndProject
Project("{2150E333-8FDC-42A3-9474-1A3956D46DE8}") = "Capitolo 06", "Capitolo 06", "{75A1B2C0-785D-4E90-BEC3-BA9E0909840B}"
EndProject
Project("{FAE04EC0-301F-11D3-BF4B-00C04F79EFBC}") = "Graphics", "Shapes\Graphics.csproj", "{1F0E303C-40C5-4EA3-A944-0FD1B6A1AB5D}"
EndProject
Project("{2150E333-8FDC-42A3-9474-1A3956D46DE8}") = "Capitolo 07", "Capitolo 07", "{F7E00998-816B-48BB-BAF6-8197D1D5AE9B}"
EndProject
Project("{FAE04EC0-301F-11D3-BF4B-00C04F79EFBC}") = "Animations", "Animations\Animations.csproj", "{B1D8000B-548C-43F3-A783-E47065F441D7}"
EndProject
Project("{2150E333-8FDC-42A3-9474-1A3956D46DE8}") = "Capitolo 08", "Capitolo 08", "{B3E9EFFC-11FA-4CB5-9503-472091F7E9A5}"
EndProject
Project("{FAE04EC0-301F-11D3-BF4B-00C04F79EFBC}") = "Multimedia", "Multimedia\Multimedia.csproj", "{40443314-5B7C-465C-A599-1A0CF56F9175}"
EndProject
Project("{FAE04EC0-301F-11D3-BF4B-00C04F79EFBC}") = "SMF_SmoothStreamingPlayer", "SMF_SmoothStreamingPlayer\SMF_SmoothStreamingPlayer.csproj", "{DD5A01BB-28EF-4F8C-95BB-452D0D3D1EA3}"
EndProject
Project("{2150E333-8FDC-42A3-9474-1A3956D46DE8}") = "Capitolo 09", "Capitolo 09", "{29B7676A-9723-42E4-94EB-7B94C04C1FE8}"
EndProject
Project("{FAE04EC0-301F-11D3-BF4B-00C04F79EFBC}") = "StylingAndTemplates", "Styling\StylingAndTemplates.csproj", "{D9313068-D83E-45A5-9ADB-1C5B32EA1943}"
EndProject
Project("{2150E333-8FDC-42A3-9474-1A3956D46DE8}") = "Capitolo 11", "Capitolo 11", "{2FEFDBFB-7D1F-4AB3-A8C9-B293C41E8F7D}"
EndProject
Project("{2150E333-8FDC-42A3-9474-1A3956D46DE8}") = "Capitolo 10", "Capitolo 10", "{038832D9-76A4-42A4-A7A4-084FB3701E28}"
EndProject
Project("{FAE04EC0-301F-11D3-BF4B-00C04F79EFBC}") = "DataBinding", "DataBinding\DataBinding.csproj", "{196026B3-C78A-48FF-A8A5-C28E92346BC0}"
	ProjectSection(ProjectDependencies) = postProject
		{E0978448-6DDE-4EB2-B10E-369199ACDD63} = {E0978448-6DDE-4EB2-B10E-369199ACDD63}
	EndProjectSection
EndProject
Project("{FAE04EC0-301F-11D3-BF4B-00C04F79EFBC}") = "OOBSilverlight", "OOBSilverlight\OOBSilverlight.csproj", "{3F29C404-40C8-4BC2-B5B5-1825C828DCA7}"
EndProject
Project("{FAE04EC0-301F-11D3-BF4B-00C04F79EFBC}") = "Printing", "Printing\Printing.csproj", "{B1C51524-A66F-4181-B9C1-346B81E615BD}"
EndProject
Project("{FAE04EC0-301F-11D3-BF4B-00C04F79EFBC}") = "BookCommonLib", "BookCommonLib\BookCommonLib.csproj", "{B822D116-664D-4317-A836-CAE6FA3DD0CE}"
EndProject
Project("{FAE04EC0-301F-11D3-BF4B-00C04F79EFBC}") = "AdvancedSilverlight", "AdvancedSilverlight\AdvancedSilverlight.csproj", "{E22C8E0A-7FEF-4E99-9820-72DC5B08A5F0}"
EndProject
Project("{FAE04EC0-301F-11D3-BF4B-00C04F79EFBC}") = "CustomSplashScreen", "CustomSplashScreen\CustomSplashScreen.csproj", "{CA98F1DC-6D72-4936-AC70-E13EB7BC8958}"
EndProject
Project("{FAE04EC0-301F-11D3-BF4B-00C04F79EFBC}") = "NavApplication", "NavApplication\NavApplication.csproj", "{F45157EE-C9AB-42E2-BB99-F5D641F3F3A4}"
EndProject
Global
	GlobalSection(SolutionConfigurationPlatforms) = preSolution
		Debug|Any CPU = Debug|Any CPU
		Debug|Mixed Platforms = Debug|Mixed Platforms
		Debug|x86 = Debug|x86
		Release|Any CPU = Release|Any CPU
		Release|Mixed Platforms = Release|Mixed Platforms
		Release|x86 = Release|x86
	EndGlobalSection
	GlobalSection(ProjectConfigurationPlatforms) = postSolution
		{965514EE-9C65-422C-A435-D4E1EA05FF1C}.Debug|Any CPU.ActiveCfg = Debug|Any CPU
		{965514EE-9C65-422C-A435-D4E1EA05FF1C}.Debug|Any CPU.Build.0 = Debug|Any CPU
		{965514EE-9C65-422C-A435-D4E1EA05FF1C}.Debug|Mixed Platforms.ActiveCfg = Debug|Any CPU
		{965514EE-9C65-422C-A435-D4E1EA05FF1C}.Debug|Mixed Platforms.Build.0 = Debug|Any CPU
		{965514EE-9C65-422C-A435-D4E1EA05FF1C}.Debug|x86.ActiveCfg = Debug|Any CPU
		{965514EE-9C65-422C-A435-D4E1EA05FF1C}.Release|Any CPU.ActiveCfg = Release|Any CPU
		{965514EE-9C65-422C-A435-D4E1EA05FF1C}.Release|Any CPU.Build.0 = Release|Any CPU
		{965514EE-9C65-422C-A435-D4E1EA05FF1C}.Release|Mixed Platforms.ActiveCfg = Release|Any CPU
		{965514EE-9C65-422C-A435-D4E1EA05FF1C}.Release|Mixed Platforms.Build.0 = Release|Any CPU
		{965514EE-9C65-422C-A435-D4E1EA05FF1C}.Release|x86.ActiveCfg = Release|Any CPU
		{E0978448-6DDE-4EB2-B10E-369199ACDD63}.Debug|Any CPU.ActiveCfg = Debug|Any CPU
		{E0978448-6DDE-4EB2-B10E-369199ACDD63}.Debug|Any CPU.Build.0 = Debug|Any CPU
		{E0978448-6DDE-4EB2-B10E-369199ACDD63}.Debug|Mixed Platforms.ActiveCfg = Debug|Any CPU
		{E0978448-6DDE-4EB2-B10E-369199ACDD63}.Debug|Mixed Platforms.Build.0 = Debug|Any CPU
		{E0978448-6DDE-4EB2-B10E-369199ACDD63}.Debug|x86.ActiveCfg = Debug|Any CPU
		{E0978448-6DDE-4EB2-B10E-369199ACDD63}.Release|Any CPU.ActiveCfg = Release|Any CPU
		{E0978448-6DDE-4EB2-B10E-369199ACDD63}.Release|Any CPU.Build.0 = Release|Any CPU
		{E0978448-6DDE-4EB2-B10E-369199ACDD63}.Release|Mixed Platforms.ActiveCfg = Release|Any CPU
		{E0978448-6DDE-4EB2-B10E-369199ACDD63}.Release|Mixed Platforms.Build.0 = Release|Any CPU
		{E0978448-6DDE-4EB2-B10E-369199ACDD63}.Release|x86.ActiveCfg = Release|Any CPU
		{C9D41B3A-5F85-4EE8-BF64-24634A9D4C97}.Debug|Any CPU.ActiveCfg = Debug|Any CPU
		{C9D41B3A-5F85-4EE8-BF64-24634A9D4C97}.Debug|Any CPU.Build.0 = Debug|Any CPU
		{C9D41B3A-5F85-4EE8-BF64-24634A9D4C97}.Debug|Mixed Platforms.ActiveCfg = Debug|Any CPU
		{C9D41B3A-5F85-4EE8-BF64-24634A9D4C97}.Debug|Mixed Platforms.Build.0 = Debug|Any CPU
		{C9D41B3A-5F85-4EE8-BF64-24634A9D4C97}.Debug|x86.ActiveCfg = Debug|Any CPU
		{C9D41B3A-5F85-4EE8-BF64-24634A9D4C97}.Release|Any CPU.ActiveCfg = Release|Any CPU
		{C9D41B3A-5F85-4EE8-BF64-24634A9D4C97}.Release|Any CPU.Build.0 = Release|Any CPU
		{C9D41B3A-5F85-4EE8-BF64-24634A9D4C97}.Release|Mixed Platforms.ActiveCfg = Release|Any CPU
		{C9D41B3A-5F85-4EE8-BF64-24634A9D4C97}.Release|Mixed Platforms.Build.0 = Release|Any CPU
		{C9D41B3A-5F85-4EE8-BF64-24634A9D4C97}.Release|x86.ActiveCfg = Release|Any CPU
		{B471CA86-CB61-4582-85A5-4EFE57CECD3C}.Debug|Any CPU.ActiveCfg = Debug|Any CPU
		{B471CA86-CB61-4582-85A5-4EFE57CECD3C}.Debug|Any CPU.Build.0 = Debug|Any CPU
		{B471CA86-CB61-4582-85A5-4EFE57CECD3C}.Debug|Mixed Platforms.ActiveCfg = Debug|Any CPU
		{B471CA86-CB61-4582-85A5-4EFE57CECD3C}.Debug|Mixed Platforms.Build.0 = Debug|Any CPU
		{B471CA86-CB61-4582-85A5-4EFE57CECD3C}.Debug|x86.ActiveCfg = Debug|Any CPU
		{B471CA86-CB61-4582-85A5-4EFE57CECD3C}.Release|Any CPU.ActiveCfg = Release|Any CPU
		{B471CA86-CB61-4582-85A5-4EFE57CECD3C}.Release|Any CPU.Build.0 = Release|Any CPU
		{B471CA86-CB61-4582-85A5-4EFE57CECD3C}.Release|Mixed Platforms.ActiveCfg = Release|Any CPU
		{B471CA86-CB61-4582-85A5-4EFE57CECD3C}.Release|Mixed Platforms.Build.0 = Release|Any CPU
		{B471CA86-CB61-4582-85A5-4EFE57CECD3C}.Release|x86.ActiveCfg = Release|Any CPU
		{9B216210-6E07-4740-9E38-0E05626A1BDD}.Debug|Any CPU.ActiveCfg = Debug|Any CPU
		{9B216210-6E07-4740-9E38-0E05626A1BDD}.Debug|Any CPU.Build.0 = Debug|Any CPU
		{9B216210-6E07-4740-9E38-0E05626A1BDD}.Debug|Mixed Platforms.ActiveCfg = Debug|Any CPU
		{9B216210-6E07-4740-9E38-0E05626A1BDD}.Debug|Mixed Platforms.Build.0 = Debug|Any CPU
		{9B216210-6E07-4740-9E38-0E05626A1BDD}.Debug|x86.ActiveCfg = Debug|Any CPU
		{9B216210-6E07-4740-9E38-0E05626A1BDD}.Release|Any CPU.ActiveCfg = Release|Any CPU
		{9B216210-6E07-4740-9E38-0E05626A1BDD}.Release|Any CPU.Build.0 = Release|Any CPU
		{9B216210-6E07-4740-9E38-0E05626A1BDD}.Release|Mixed Platforms.ActiveCfg = Release|Any CPU
		{9B216210-6E07-4740-9E38-0E05626A1BDD}.Release|Mixed Platforms.Build.0 = Release|Any CPU
		{9B216210-6E07-4740-9E38-0E05626A1BDD}.Release|x86.ActiveCfg = Release|Any CPU
		{E37187EE-2D64-4C70-9D6C-2B08C492CA52}.Debug|Any CPU.ActiveCfg = Debug|Any CPU
		{E37187EE-2D64-4C70-9D6C-2B08C492CA52}.Debug|Any CPU.Build.0 = Debug|Any CPU
		{E37187EE-2D64-4C70-9D6C-2B08C492CA52}.Debug|Mixed Platforms.ActiveCfg = Debug|Any CPU
		{E37187EE-2D64-4C70-9D6C-2B08C492CA52}.Debug|Mixed Platforms.Build.0 = Debug|Any CPU
		{E37187EE-2D64-4C70-9D6C-2B08C492CA52}.Debug|x86.ActiveCfg = Debug|Any CPU
		{E37187EE-2D64-4C70-9D6C-2B08C492CA52}.Release|Any CPU.ActiveCfg = Release|Any CPU
		{E37187EE-2D64-4C70-9D6C-2B08C492CA52}.Release|Any CPU.Build.0 = Release|Any CPU
		{E37187EE-2D64-4C70-9D6C-2B08C492CA52}.Release|Mixed Platforms.ActiveCfg = Release|Any CPU
		{E37187EE-2D64-4C70-9D6C-2B08C492CA52}.Release|Mixed Platforms.Build.0 = Release|Any CPU
		{E37187EE-2D64-4C70-9D6C-2B08C492CA52}.Release|x86.ActiveCfg = Release|Any CPU
		{6F224CB5-FF59-403D-9335-2ABEC0D38752}.Debug|Any CPU.ActiveCfg = Debug|Any CPU
		{6F224CB5-FF59-403D-9335-2ABEC0D38752}.Debug|Any CPU.Build.0 = Debug|Any CPU
		{6F224CB5-FF59-403D-9335-2ABEC0D38752}.Debug|Mixed Platforms.ActiveCfg = Debug|Any CPU
		{6F224CB5-FF59-403D-9335-2ABEC0D38752}.Debug|Mixed Platforms.Build.0 = Debug|Any CPU
		{6F224CB5-FF59-403D-9335-2ABEC0D38752}.Debug|x86.ActiveCfg = Debug|Any CPU
		{6F224CB5-FF59-403D-9335-2ABEC0D38752}.Release|Any CPU.ActiveCfg = Release|Any CPU
		{6F224CB5-FF59-403D-9335-2ABEC0D38752}.Release|Any CPU.Build.0 = Release|Any CPU
		{6F224CB5-FF59-403D-9335-2ABEC0D38752}.Release|Mixed Platforms.ActiveCfg = Release|Any CPU
		{6F224CB5-FF59-403D-9335-2ABEC0D38752}.Release|Mixed Platforms.Build.0 = Release|Any CPU
		{6F224CB5-FF59-403D-9335-2ABEC0D38752}.Release|x86.ActiveCfg = Release|Any CPU
		{7FA65421-9BDA-467B-8FA2-D6AACFAEBE63}.Debug|Any CPU.ActiveCfg = Debug|Any CPU
		{7FA65421-9BDA-467B-8FA2-D6AACFAEBE63}.Debug|Any CPU.Build.0 = Debug|Any CPU
		{7FA65421-9BDA-467B-8FA2-D6AACFAEBE63}.Debug|Mixed Platforms.ActiveCfg = Debug|Any CPU
		{7FA65421-9BDA-467B-8FA2-D6AACFAEBE63}.Debug|Mixed Platforms.Build.0 = Debug|Any CPU
		{7FA65421-9BDA-467B-8FA2-D6AACFAEBE63}.Debug|x86.ActiveCfg = Debug|Any CPU
		{7FA65421-9BDA-467B-8FA2-D6AACFAEBE63}.Release|Any CPU.ActiveCfg = Release|Any CPU
		{7FA65421-9BDA-467B-8FA2-D6AACFAEBE63}.Release|Any CPU.Build.0 = Release|Any CPU
		{7FA65421-9BDA-467B-8FA2-D6AACFAEBE63}.Release|Mixed Platforms.ActiveCfg = Release|Any CPU
		{7FA65421-9BDA-467B-8FA2-D6AACFAEBE63}.Release|Mixed Platforms.Build.0 = Release|Any CPU
		{7FA65421-9BDA-467B-8FA2-D6AACFAEBE63}.Release|x86.ActiveCfg = Release|Any CPU
		{DBECD7D6-2DAD-4933-8571-3F39F8601733}.Debug|Any CPU.ActiveCfg = Debug|Any CPU
		{DBECD7D6-2DAD-4933-8571-3F39F8601733}.Debug|Any CPU.Build.0 = Debug|Any CPU
		{DBECD7D6-2DAD-4933-8571-3F39F8601733}.Debug|Mixed Platforms.ActiveCfg = Debug|Any CPU
		{DBECD7D6-2DAD-4933-8571-3F39F8601733}.Debug|Mixed Platforms.Build.0 = Debug|Any CPU
		{DBECD7D6-2DAD-4933-8571-3F39F8601733}.Debug|x86.ActiveCfg = Debug|Any CPU
		{DBECD7D6-2DAD-4933-8571-3F39F8601733}.Release|Any CPU.ActiveCfg = Release|Any CPU
		{DBECD7D6-2DAD-4933-8571-3F39F8601733}.Release|Any CPU.Build.0 = Release|Any CPU
		{DBECD7D6-2DAD-4933-8571-3F39F8601733}.Release|Mixed Platforms.ActiveCfg = Release|Any CPU
		{DBECD7D6-2DAD-4933-8571-3F39F8601733}.Release|Mixed Platforms.Build.0 = Release|Any CPU
		{DBECD7D6-2DAD-4933-8571-3F39F8601733}.Release|x86.ActiveCfg = Release|Any CPU
		{774E9B76-5992-4883-85B1-C09CCC60654F}.Debug|Any CPU.ActiveCfg = Debug|Any CPU
		{774E9B76-5992-4883-85B1-C09CCC60654F}.Debug|Any CPU.Build.0 = Debug|Any CPU
		{774E9B76-5992-4883-85B1-C09CCC60654F}.Debug|Mixed Platforms.ActiveCfg = Debug|Any CPU
		{774E9B76-5992-4883-85B1-C09CCC60654F}.Debug|Mixed Platforms.Build.0 = Debug|Any CPU
		{774E9B76-5992-4883-85B1-C09CCC60654F}.Debug|x86.ActiveCfg = Debug|Any CPU
		{774E9B76-5992-4883-85B1-C09CCC60654F}.Release|Any CPU.ActiveCfg = Release|Any CPU
		{774E9B76-5992-4883-85B1-C09CCC60654F}.Release|Any CPU.Build.0 = Release|Any CPU
		{774E9B76-5992-4883-85B1-C09CCC60654F}.Release|Mixed Platforms.ActiveCfg = Release|Any CPU
		{774E9B76-5992-4883-85B1-C09CCC60654F}.Release|Mixed Platforms.Build.0 = Release|Any CPU
		{774E9B76-5992-4883-85B1-C09CCC60654F}.Release|x86.ActiveCfg = Release|Any CPU
		{1F0E303C-40C5-4EA3-A944-0FD1B6A1AB5D}.Debug|Any CPU.ActiveCfg = Debug|Any CPU
		{1F0E303C-40C5-4EA3-A944-0FD1B6A1AB5D}.Debug|Any CPU.Build.0 = Debug|Any CPU
		{1F0E303C-40C5-4EA3-A944-0FD1B6A1AB5D}.Debug|Mixed Platforms.ActiveCfg = Debug|Any CPU
		{1F0E303C-40C5-4EA3-A944-0FD1B6A1AB5D}.Debug|Mixed Platforms.Build.0 = Debug|Any CPU
		{1F0E303C-40C5-4EA3-A944-0FD1B6A1AB5D}.Debug|x86.ActiveCfg = Debug|Any CPU
		{1F0E303C-40C5-4EA3-A944-0FD1B6A1AB5D}.Release|Any CPU.ActiveCfg = Release|Any CPU
		{1F0E303C-40C5-4EA3-A944-0FD1B6A1AB5D}.Release|Any CPU.Build.0 = Release|Any CPU
		{1F0E303C-40C5-4EA3-A944-0FD1B6A1AB5D}.Release|Mixed Platforms.ActiveCfg = Release|Any CPU
		{1F0E303C-40C5-4EA3-A944-0FD1B6A1AB5D}.Release|Mixed Platforms.Build.0 = Release|Any CPU
		{1F0E303C-40C5-4EA3-A944-0FD1B6A1AB5D}.Release|x86.ActiveCfg = Release|Any CPU
		{B1D8000B-548C-43F3-A783-E47065F441D7}.Debug|Any CPU.ActiveCfg = Debug|Any CPU
		{B1D8000B-548C-43F3-A783-E47065F441D7}.Debug|Any CPU.Build.0 = Debug|Any CPU
		{B1D8000B-548C-43F3-A783-E47065F441D7}.Debug|Mixed Platforms.ActiveCfg = Debug|Any CPU
		{B1D8000B-548C-43F3-A783-E47065F441D7}.Debug|Mixed Platforms.Build.0 = Debug|Any CPU
		{B1D8000B-548C-43F3-A783-E47065F441D7}.Debug|x86.ActiveCfg = Debug|Any CPU
		{B1D8000B-548C-43F3-A783-E47065F441D7}.Release|Any CPU.ActiveCfg = Release|Any CPU
		{B1D8000B-548C-43F3-A783-E47065F441D7}.Release|Any CPU.Build.0 = Release|Any CPU
		{B1D8000B-548C-43F3-A783-E47065F441D7}.Release|Mixed Platforms.ActiveCfg = Release|Any CPU
		{B1D8000B-548C-43F3-A783-E47065F441D7}.Release|Mixed Platforms.Build.0 = Release|Any CPU
		{B1D8000B-548C-43F3-A783-E47065F441D7}.Release|x86.ActiveCfg = Release|Any CPU
		{40443314-5B7C-465C-A599-1A0CF56F9175}.Debug|Any CPU.ActiveCfg = Debug|Any CPU
		{40443314-5B7C-465C-A599-1A0CF56F9175}.Debug|Any CPU.Build.0 = Debug|Any CPU
		{40443314-5B7C-465C-A599-1A0CF56F9175}.Debug|Mixed Platforms.ActiveCfg = Debug|Any CPU
		{40443314-5B7C-465C-A599-1A0CF56F9175}.Debug|Mixed Platforms.Build.0 = Debug|Any CPU
		{40443314-5B7C-465C-A599-1A0CF56F9175}.Debug|x86.ActiveCfg = Debug|Any CPU
		{40443314-5B7C-465C-A599-1A0CF56F9175}.Release|Any CPU.ActiveCfg = Release|Any CPU
		{40443314-5B7C-465C-A599-1A0CF56F9175}.Release|Any CPU.Build.0 = Release|Any CPU
		{40443314-5B7C-465C-A599-1A0CF56F9175}.Release|Mixed Platforms.ActiveCfg = Release|Any CPU
		{40443314-5B7C-465C-A599-1A0CF56F9175}.Release|Mixed Platforms.Build.0 = Release|Any CPU
		{40443314-5B7C-465C-A599-1A0CF56F9175}.Release|x86.ActiveCfg = Release|Any CPU
		{DD5A01BB-28EF-4F8C-95BB-452D0D3D1EA3}.Debug|Any CPU.ActiveCfg = Debug|Any CPU
		{DD5A01BB-28EF-4F8C-95BB-452D0D3D1EA3}.Debug|Any CPU.Build.0 = Debug|Any CPU
		{DD5A01BB-28EF-4F8C-95BB-452D0D3D1EA3}.Debug|Mixed Platforms.ActiveCfg = Debug|Any CPU
		{DD5A01BB-28EF-4F8C-95BB-452D0D3D1EA3}.Debug|Mixed Platforms.Build.0 = Debug|Any CPU
		{DD5A01BB-28EF-4F8C-95BB-452D0D3D1EA3}.Debug|x86.ActiveCfg = Debug|Any CPU
		{DD5A01BB-28EF-4F8C-95BB-452D0D3D1EA3}.Release|Any CPU.ActiveCfg = Release|Any CPU
		{DD5A01BB-28EF-4F8C-95BB-452D0D3D1EA3}.Release|Any CPU.Build.0 = Release|Any CPU
		{DD5A01BB-28EF-4F8C-95BB-452D0D3D1EA3}.Release|Mixed Platforms.ActiveCfg = Release|Any CPU
		{DD5A01BB-28EF-4F8C-95BB-452D0D3D1EA3}.Release|Mixed Platforms.Build.0 = Release|Any CPU
		{DD5A01BB-28EF-4F8C-95BB-452D0D3D1EA3}.Release|x86.ActiveCfg = Release|Any CPU
		{D9313068-D83E-45A5-9ADB-1C5B32EA1943}.Debug|Any CPU.ActiveCfg = Debug|Any CPU
		{D9313068-D83E-45A5-9ADB-1C5B32EA1943}.Debug|Any CPU.Build.0 = Debug|Any CPU
		{D9313068-D83E-45A5-9ADB-1C5B32EA1943}.Debug|Mixed Platforms.ActiveCfg = Debug|Any CPU
		{D9313068-D83E-45A5-9ADB-1C5B32EA1943}.Debug|Mixed Platforms.Build.0 = Debug|Any CPU
		{D9313068-D83E-45A5-9ADB-1C5B32EA1943}.Debug|x86.ActiveCfg = Debug|Any CPU
		{D9313068-D83E-45A5-9ADB-1C5B32EA1943}.Release|Any CPU.ActiveCfg = Release|Any CPU
		{D9313068-D83E-45A5-9ADB-1C5B32EA1943}.Release|Any CPU.Build.0 = Release|Any CPU
		{D9313068-D83E-45A5-9ADB-1C5B32EA1943}.Release|Mixed Platforms.ActiveCfg = Release|Any CPU
		{D9313068-D83E-45A5-9ADB-1C5B32EA1943}.Release|Mixed Platforms.Build.0 = Release|Any CPU
		{D9313068-D83E-45A5-9ADB-1C5B32EA1943}.Release|x86.ActiveCfg = Release|Any CPU
		{196026B3-C78A-48FF-A8A5-C28E92346BC0}.Debug|Any CPU.ActiveCfg = Debug|Any CPU
		{196026B3-C78A-48FF-A8A5-C28E92346BC0}.Debug|Any CPU.Build.0 = Debug|Any CPU
		{196026B3-C78A-48FF-A8A5-C28E92346BC0}.Debug|Mixed Platforms.ActiveCfg = Debug|Any CPU
		{196026B3-C78A-48FF-A8A5-C28E92346BC0}.Debug|Mixed Platforms.Build.0 = Debug|Any CPU
		{196026B3-C78A-48FF-A8A5-C28E92346BC0}.Debug|x86.ActiveCfg = Debug|Any CPU
		{196026B3-C78A-48FF-A8A5-C28E92346BC0}.Release|Any CPU.ActiveCfg = Release|Any CPU
		{196026B3-C78A-48FF-A8A5-C28E92346BC0}.Release|Any CPU.Build.0 = Release|Any CPU
		{196026B3-C78A-48FF-A8A5-C28E92346BC0}.Release|Mixed Platforms.ActiveCfg = Release|Any CPU
		{196026B3-C78A-48FF-A8A5-C28E92346BC0}.Release|Mixed Platforms.Build.0 = Release|Any CPU
		{196026B3-C78A-48FF-A8A5-C28E92346BC0}.Release|x86.ActiveCfg = Release|Any CPU
		{3F29C404-40C8-4BC2-B5B5-1825C828DCA7}.Debug|Any CPU.ActiveCfg = Debug|Any CPU
		{3F29C404-40C8-4BC2-B5B5-1825C828DCA7}.Debug|Any CPU.Build.0 = Debug|Any CPU
		{3F29C404-40C8-4BC2-B5B5-1825C828DCA7}.Debug|Mixed Platforms.ActiveCfg = Debug|Any CPU
		{3F29C404-40C8-4BC2-B5B5-1825C828DCA7}.Debug|Mixed Platforms.Build.0 = Debug|Any CPU
		{3F29C404-40C8-4BC2-B5B5-1825C828DCA7}.Debug|x86.ActiveCfg = Debug|Any CPU
		{3F29C404-40C8-4BC2-B5B5-1825C828DCA7}.Release|Any CPU.ActiveCfg = Release|Any CPU
		{3F29C404-40C8-4BC2-B5B5-1825C828DCA7}.Release|Any CPU.Build.0 = Release|Any CPU
		{3F29C404-40C8-4BC2-B5B5-1825C828DCA7}.Release|Mixed Platforms.ActiveCfg = Release|Any CPU
		{3F29C404-40C8-4BC2-B5B5-1825C828DCA7}.Release|Mixed Platforms.Build.0 = Release|Any CPU
		{3F29C404-40C8-4BC2-B5B5-1825C828DCA7}.Release|x86.ActiveCfg = Release|Any CPU
		{B1C51524-A66F-4181-B9C1-346B81E615BD}.Debug|Any CPU.ActiveCfg = Debug|Any CPU
		{B1C51524-A66F-4181-B9C1-346B81E615BD}.Debug|Any CPU.Build.0 = Debug|Any CPU
		{B1C51524-A66F-4181-B9C1-346B81E615BD}.Debug|Mixed Platforms.ActiveCfg = Debug|Any CPU
		{B1C51524-A66F-4181-B9C1-346B81E615BD}.Debug|Mixed Platforms.Build.0 = Debug|Any CPU
		{B1C51524-A66F-4181-B9C1-346B81E615BD}.Debug|x86.ActiveCfg = Debug|Any CPU
		{B1C51524-A66F-4181-B9C1-346B81E615BD}.Release|Any CPU.ActiveCfg = Release|Any CPU
		{B1C51524-A66F-4181-B9C1-346B81E615BD}.Release|Any CPU.Build.0 = Release|Any CPU
		{B1C51524-A66F-4181-B9C1-346B81E615BD}.Release|Mixed Platforms.ActiveCfg = Release|Any CPU
		{B1C51524-A66F-4181-B9C1-346B81E615BD}.Release|Mixed Platforms.Build.0 = Release|Any CPU
		{B1C51524-A66F-4181-B9C1-346B81E615BD}.Release|x86.ActiveCfg = Release|Any CPU
		{B822D116-664D-4317-A836-CAE6FA3DD0CE}.Debug|Any CPU.ActiveCfg = Debug|Any CPU
		{B822D116-664D-4317-A836-CAE6FA3DD0CE}.Debug|Any CPU.Build.0 = Debug|Any CPU
		{B822D116-664D-4317-A836-CAE6FA3DD0CE}.Debug|Mixed Platforms.ActiveCfg = Debug|Any CPU
		{B822D116-664D-4317-A836-CAE6FA3DD0CE}.Debug|Mixed Platforms.Build.0 = Debug|Any CPU
		{B822D116-664D-4317-A836-CAE6FA3DD0CE}.Debug|x86.ActiveCfg = Debug|Any CPU
		{B822D116-664D-4317-A836-CAE6FA3DD0CE}.Release|Any CPU.ActiveCfg = Release|Any CPU
		{B822D116-664D-4317-A836-CAE6FA3DD0CE}.Release|Any CPU.Build.0 = Release|Any CPU
		{B822D116-664D-4317-A836-CAE6FA3DD0CE}.Release|Mixed Platforms.ActiveCfg = Release|Any CPU
		{B822D116-664D-4317-A836-CAE6FA3DD0CE}.Release|Mixed Platforms.Build.0 = Release|Any CPU
		{B822D116-664D-4317-A836-CAE6FA3DD0CE}.Release|x86.ActiveCfg = Release|Any CPU
		{E22C8E0A-7FEF-4E99-9820-72DC5B08A5F0}.Debug|Any CPU.ActiveCfg = Debug|Any CPU
		{E22C8E0A-7FEF-4E99-9820-72DC5B08A5F0}.Debug|Any CPU.Build.0 = Debug|Any CPU
		{E22C8E0A-7FEF-4E99-9820-72DC5B08A5F0}.Debug|Mixed Platforms.ActiveCfg = Debug|Any CPU
		{E22C8E0A-7FEF-4E99-9820-72DC5B08A5F0}.Debug|Mixed Platforms.Build.0 = Debug|Any CPU
		{E22C8E0A-7FEF-4E99-9820-72DC5B08A5F0}.Debug|x86.ActiveCfg = Debug|Any CPU
		{E22C8E0A-7FEF-4E99-9820-72DC5B08A5F0}.Release|Any CPU.ActiveCfg = Release|Any CPU
		{E22C8E0A-7FEF-4E99-9820-72DC5B08A5F0}.Release|Any CPU.Build.0 = Release|Any CPU
		{E22C8E0A-7FEF-4E99-9820-72DC5B08A5F0}.Release|Mixed Platforms.ActiveCfg = Release|Any CPU
		{E22C8E0A-7FEF-4E99-9820-72DC5B08A5F0}.Release|Mixed Platforms.Build.0 = Release|Any CPU
		{E22C8E0A-7FEF-4E99-9820-72DC5B08A5F0}.Release|x86.ActiveCfg = Release|Any CPU
		{CA98F1DC-6D72-4936-AC70-E13EB7BC8958}.Debug|Any CPU.ActiveCfg = Debug|Any CPU
		{CA98F1DC-6D72-4936-AC70-E13EB7BC8958}.Debug|Any CPU.Build.0 = Debug|Any CPU
		{CA98F1DC-6D72-4936-AC70-E13EB7BC8958}.Debug|Mixed Platforms.ActiveCfg = Debug|Any CPU
		{CA98F1DC-6D72-4936-AC70-E13EB7BC8958}.Debug|Mixed Platforms.Build.0 = Debug|Any CPU
		{CA98F1DC-6D72-4936-AC70-E13EB7BC8958}.Debug|x86.ActiveCfg = Debug|Any CPU
		{CA98F1DC-6D72-4936-AC70-E13EB7BC8958}.Release|Any CPU.ActiveCfg = Release|Any CPU
		{CA98F1DC-6D72-4936-AC70-E13EB7BC8958}.Release|Any CPU.Build.0 = Release|Any CPU
		{CA98F1DC-6D72-4936-AC70-E13EB7BC8958}.Release|Mixed Platforms.ActiveCfg = Release|Any CPU
		{CA98F1DC-6D72-4936-AC70-E13EB7BC8958}.Release|Mixed Platforms.Build.0 = Release|Any CPU
		{CA98F1DC-6D72-4936-AC70-E13EB7BC8958}.Release|x86.ActiveCfg = Release|Any CPU
		{F45157EE-C9AB-42E2-BB99-F5D641F3F3A4}.Debug|Any CPU.ActiveCfg = Debug|Any CPU
		{F45157EE-C9AB-42E2-BB99-F5D641F3F3A4}.Debug|Any CPU.Build.0 = Debug|Any CPU
		{F45157EE-C9AB-42E2-BB99-F5D641F3F3A4}.Debug|Mixed Platforms.ActiveCfg = Debug|Any CPU
		{F45157EE-C9AB-42E2-BB99-F5D641F3F3A4}.Debug|Mixed Platforms.Build.0 = Debug|Any CPU
		{F45157EE-C9AB-42E2-BB99-F5D641F3F3A4}.Debug|x86.ActiveCfg = Debug|Any CPU
		{F45157EE-C9AB-42E2-BB99-F5D641F3F3A4}.Release|Any CPU.ActiveCfg = Release|Any CPU
		{F45157EE-C9AB-42E2-BB99-F5D641F3F3A4}.Release|Any CPU.Build.0 = Release|Any CPU
		{F45157EE-C9AB-42E2-BB99-F5D641F3F3A4}.Release|Mixed Platforms.ActiveCfg = Release|Any CPU
		{F45157EE-C9AB-42E2-BB99-F5D641F3F3A4}.Release|Mixed Platforms.Build.0 = Release|Any CPU
		{F45157EE-C9AB-42E2-BB99-F5D641F3F3A4}.Release|x86.ActiveCfg = Release|Any CPU
	EndGlobalSection
	GlobalSection(SolutionProperties) = preSolution
		HideSolutionNode = FALSE
	EndGlobalSection
	GlobalSection(NestedProjects) = preSolution
		{C9D41B3A-5F85-4EE8-BF64-24634A9D4C97} = {890072DB-EB3E-4C1C-9F49-EDD34CD439CE}
		{B471CA86-CB61-4582-85A5-4EFE57CECD3C} = {890072DB-EB3E-4C1C-9F49-EDD34CD439CE}
		{9B216210-6E07-4740-9E38-0E05626A1BDD} = {1DAB7E13-3EFA-4A9E-AFF1-D1C538BF6837}
		{E37187EE-2D64-4C70-9D6C-2B08C492CA52} = {1DAB7E13-3EFA-4A9E-AFF1-D1C538BF6837}
		{6F224CB5-FF59-403D-9335-2ABEC0D38752} = {1DAB7E13-3EFA-4A9E-AFF1-D1C538BF6837}
		{7FA65421-9BDA-467B-8FA2-D6AACFAEBE63} = {1DAB7E13-3EFA-4A9E-AFF1-D1C538BF6837}
		{DBECD7D6-2DAD-4933-8571-3F39F8601733} = {4B4D75E2-DA7A-48FB-9062-6BBDCC1E13E1}
		{774E9B76-5992-4883-85B1-C09CCC60654F} = {120F1B92-F65A-4D8B-B9C4-BF81E8137C0D}
		{F45157EE-C9AB-42E2-BB99-F5D641F3F3A4} = {120F1B92-F65A-4D8B-B9C4-BF81E8137C0D}
		{1F0E303C-40C5-4EA3-A944-0FD1B6A1AB5D} = {75A1B2C0-785D-4E90-BEC3-BA9E0909840B}
		{B1D8000B-548C-43F3-A783-E47065F441D7} = {F7E00998-816B-48BB-BAF6-8197D1D5AE9B}
		{40443314-5B7C-465C-A599-1A0CF56F9175} = {B3E9EFFC-11FA-4CB5-9503-472091F7E9A5}
		{DD5A01BB-28EF-4F8C-95BB-452D0D3D1EA3} = {B3E9EFFC-11FA-4CB5-9503-472091F7E9A5}
		{D9313068-D83E-45A5-9ADB-1C5B32EA1943} = {29B7676A-9723-42E4-94EB-7B94C04C1FE8}
		{3F29C404-40C8-4BC2-B5B5-1825C828DCA7} = {2FEFDBFB-7D1F-4AB3-A8C9-B293C41E8F7D}
		{B1C51524-A66F-4181-B9C1-346B81E615BD} = {2FEFDBFB-7D1F-4AB3-A8C9-B293C41E8F7D}
		{E22C8E0A-7FEF-4E99-9820-72DC5B08A5F0} = {2FEFDBFB-7D1F-4AB3-A8C9-B293C41E8F7D}
		{CA98F1DC-6D72-4936-AC70-E13EB7BC8958} = {2FEFDBFB-7D1F-4AB3-A8C9-B293C41E8F7D}
		{196026B3-C78A-48FF-A8A5-C28E92346BC0} = {038832D9-76A4-42A4-A7A4-084FB3701E28}
	EndGlobalSection
EndGlobal
