
Microsoft Visual Studio Solution File, Format Version 11.00
# Visual Studio 2010
Project("{FAE04EC0-301F-11D3-BF4B-00C04F79EFBC}") = "WCFRIA_SilverlightApplication", "WCFRIA_SilverlightApplication\WCFRIA_SilverlightApplication.csproj", "{37DE4BC8-04AB-4840-902D-CB5FF217620D}"
	ProjectSection(ProjectDependencies) = postProject
		{C869CA43-9B1B-487D-93E4-9FE8BDEDBED4} = {C869CA43-9B1B-487D-93E4-9FE8BDEDBED4}
	EndProjectSection
EndProject
Project("{FAE04EC0-301F-11D3-BF4B-00C04F79EFBC}") = "WCFRIA_SilverlightApplication.Web", "WCFRIA_SilverlightApplication.Web\WCFRIA_SilverlightApplication.Web.csproj", "{C869CA43-9B1B-487D-93E4-9FE8BDEDBED4}"
EndProject
Global
	GlobalSection(SolutionConfigurationPlatforms) = preSolution
		Debug|Any CPU = Debug|Any CPU
		Release|Any CPU = Release|Any CPU
	EndGlobalSection
	GlobalSection(ProjectConfigurationPlatforms) = postSolution
		{37DE4BC8-04AB-4840-902D-CB5FF217620D}.Debug|Any CPU.ActiveCfg = Debug|Any CPU
		{37DE4BC8-04AB-4840-902D-CB5FF217620D}.Debug|Any CPU.Build.0 = Debug|Any CPU
		{37DE4BC8-04AB-4840-902D-CB5FF217620D}.Release|Any CPU.ActiveCfg = Release|Any CPU
		{37DE4BC8-04AB-4840-902D-CB5FF217620D}.Release|Any CPU.Build.0 = Release|Any CPU
		{C869CA43-9B1B-487D-93E4-9FE8BDEDBED4}.Debug|Any CPU.ActiveCfg = Debug|Any CPU
		{C869CA43-9B1B-487D-93E4-9FE8BDEDBED4}.Debug|Any CPU.Build.0 = Debug|Any CPU
		{C869CA43-9B1B-487D-93E4-9FE8BDEDBED4}.Release|Any CPU.ActiveCfg = Release|Any CPU
		{C869CA43-9B1B-487D-93E4-9FE8BDEDBED4}.Release|Any CPU.Build.0 = Release|Any CPU
	EndGlobalSection
	GlobalSection(SolutionProperties) = preSolution
		HideSolutionNode = FALSE
	EndGlobalSection
EndGlobal
